
Microsoft Visual Studio Solution File, Format Version 12.00
# Visual Studio Version 16
VisualStudioVersion = 16.0.30611.23
MinimumVisualStudioVersion = 10.0.40219.1
Project("{FAE04EC0-301F-11D3-BF4B-00C04F79EFBC}") = "FitnessProject.BL", "FitnessProject.BL\FitnessProject.BL.csproj", "{9E7A40B6-4535-4E27-AD23-EDD6FCB5B3E1}"
EndProject
Project("{FAE04EC0-301F-11D3-BF4B-00C04F79EFBC}") = "FitnessProject.CMD", "FitnessProject.CMD\FitnessProject.CMD.csproj", "{07B868CD-016C-4607-8BE5-AB07D73D5D79}"
EndProject
Global
	GlobalSection(SolutionConfigurationPlatforms) = preSolution
		Debug|Any CPU = Debug|Any CPU
		Release|Any CPU = Release|Any CPU
	EndGlobalSection
	GlobalSection(ProjectConfigurationPlatforms) = postSolution
		{9E7A40B6-4535-4E27-AD23-EDD6FCB5B3E1}.Debug|Any CPU.ActiveCfg = Debug|Any CPU
		{9E7A40B6-4535-4E27-AD23-EDD6FCB5B3E1}.Debug|Any CPU.Build.0 = Debug|Any CPU
		{9E7A40B6-4535-4E27-AD23-EDD6FCB5B3E1}.Release|Any CPU.ActiveCfg = Release|Any CPU
		{9E7A40B6-4535-4E27-AD23-EDD6FCB5B3E1}.Release|Any CPU.Build.0 = Release|Any CPU
		{07B868CD-016C-4607-8BE5-AB07D73D5D79}.Debug|Any CPU.ActiveCfg = Debug|Any CPU
		{07B868CD-016C-4607-8BE5-AB07D73D5D79}.Debug|Any CPU.Build.0 = Debug|Any CPU
		{07B868CD-016C-4607-8BE5-AB07D73D5D79}.Release|Any CPU.ActiveCfg = Release|Any CPU
		{07B868CD-016C-4607-8BE5-AB07D73D5D79}.Release|Any CPU.Build.0 = Release|Any CPU
	EndGlobalSection
	GlobalSection(SolutionProperties) = preSolution
		HideSolutionNode = FALSE
	EndGlobalSection
	GlobalSection(ExtensibilityGlobals) = postSolution
		SolutionGuid = {0DB83339-A217-454D-B4BA-1865352B2374}
	EndGlobalSection
EndGlobal
